
Microsoft Visual Studio Solution File, Format Version 12.00
# Visual Studio Version 17
VisualStudioVersion = 17.14.35906.104 d17.14
MinimumVisualStudioVersion = 10.0.40219.1
Project("{FAE04EC0-301F-11D3-BF4B-00C04F79EFBC}") = "HelloWorld ASP Razor", "HelloWorld ASP Razor.csproj", "{F688D520-441C-452B-95CD-62000B1F6CB3}"
EndProject
Global
	GlobalSection(SolutionConfigurationPlatforms) = preSolution
		Debug|Any CPU = Debug|Any CPU
		Release|Any CPU = Release|Any CPU
	EndGlobalSection
	GlobalSection(ProjectConfigurationPlatforms) = postSolution
		{F688D520-441C-452B-95CD-62000B1F6CB3}.Debug|Any CPU.ActiveCfg = Debug|Any CPU
		{F688D520-441C-452B-95CD-62000B1F6CB3}.Debug|Any CPU.Build.0 = Debug|Any CPU
		{F688D520-441C-452B-95CD-62000B1F6CB3}.Release|Any CPU.ActiveCfg = Release|Any CPU
		{F688D520-441C-452B-95CD-62000B1F6CB3}.Release|Any CPU.Build.0 = Release|Any CPU
	EndGlobalSection
	GlobalSection(SolutionProperties) = preSolution
		HideSolutionNode = FALSE
	EndGlobalSection
	GlobalSection(ExtensibilityGlobals) = postSolution
		SolutionGuid = {4F6987B5-06EE-4C6D-9B26-9FBD345078CD}
	EndGlobalSection
EndGlobal
